
Microsoft Visual Studio Solution File, Format Version 12.00
# Visual Studio Version 16
VisualStudioVersion = 16.0.30804.86
MinimumVisualStudioVersion = 10.0.40219.1
Project("{FAE04EC0-301F-11D3-BF4B-00C04F79EFBC}") = "testCamera", "testCamera\testCamera.csproj", "{EA761590-544C-4DDB-B3E0-CA4A2C3AEA99}"
EndProject
Global
	GlobalSection(SolutionConfigurationPlatforms) = preSolution
		Debug|Any CPU = Debug|Any CPU
		Release|Any CPU = Release|Any CPU
	EndGlobalSection
	GlobalSection(ProjectConfigurationPlatforms) = postSolution
		{EA761590-544C-4DDB-B3E0-CA4A2C3AEA99}.Debug|Any CPU.ActiveCfg = Debug|Any CPU
		{EA761590-544C-4DDB-B3E0-CA4A2C3AEA99}.Debug|Any CPU.Build.0 = Debug|Any CPU
		{EA761590-544C-4DDB-B3E0-CA4A2C3AEA99}.Release|Any CPU.ActiveCfg = Release|Any CPU
		{EA761590-544C-4DDB-B3E0-CA4A2C3AEA99}.Release|Any CPU.Build.0 = Release|Any CPU
	EndGlobalSection
	GlobalSection(SolutionProperties) = preSolution
		HideSolutionNode = FALSE
	EndGlobalSection
	GlobalSection(ExtensibilityGlobals) = postSolution
		SolutionGuid = {F0D0A9E5-3FE8-40E4-A67A-4B6D205E316F}
	EndGlobalSection
EndGlobal
