
Microsoft Visual Studio Solution File, Format Version 12.00
# Visual Studio Version 16
VisualStudioVersion = 16.0.30804.86
MinimumVisualStudioVersion = 10.0.40219.1
Project("{FAE04EC0-301F-11D3-BF4B-00C04F79EFBC}") = "pipclient2", "pipclient2\pipclient2.csproj", "{92D330D9-D374-4ACF-813C-1D081FDCAFEF}"
EndProject
Global
	GlobalSection(SolutionConfigurationPlatforms) = preSolution
		Debug|Any CPU = Debug|Any CPU
		Release|Any CPU = Release|Any CPU
	EndGlobalSection
	GlobalSection(ProjectConfigurationPlatforms) = postSolution
		{92D330D9-D374-4ACF-813C-1D081FDCAFEF}.Debug|Any CPU.ActiveCfg = Debug|Any CPU
		{92D330D9-D374-4ACF-813C-1D081FDCAFEF}.Debug|Any CPU.Build.0 = Debug|Any CPU
		{92D330D9-D374-4ACF-813C-1D081FDCAFEF}.Release|Any CPU.ActiveCfg = Release|Any CPU
		{92D330D9-D374-4ACF-813C-1D081FDCAFEF}.Release|Any CPU.Build.0 = Release|Any CPU
	EndGlobalSection
	GlobalSection(SolutionProperties) = preSolution
		HideSolutionNode = FALSE
	EndGlobalSection
	GlobalSection(ExtensibilityGlobals) = postSolution
		SolutionGuid = {4DD2E18F-5517-4D19-AF05-BE0FF1798463}
	EndGlobalSection
EndGlobal
